
Microsoft Visual Studio Solution File, Format Version 12.00
# Visual Studio Version 16
VisualStudioVersion = 16.0.34031.81
MinimumVisualStudioVersion = 10.0.40219.1
Project("{2150E333-8FDC-42A3-9474-1A3956D46DE8}") = "Task0", "Task0", "{9D1AE0E7-C70D-4BDB-A799-AF07D3D1D3C8}"
EndProject
Project("{FAE04EC0-301F-11D3-BF4B-00C04F79EFBC}") = "Tyuiu.KlokovIA.Sprint1.Task0.V13", "Tyuiu.KlokovIA.Sprint1.Task0.V13\Tyuiu.KlokovIA.Sprint1.Task0.V13.csproj", "{0B033212-D89D-48BF-86C1-FE581BDD9498}"
EndProject
Project("{FAE04EC0-301F-11D3-BF4B-00C04F79EFBC}") = "Tyuiu.KlokovIA.Sprint1.Task0.V13.Lib", "Tyuiu.KlokovIA.Sprint1.Task0.V13.Lib\Tyuiu.KlokovIA.Sprint1.Task0.V13.Lib.csproj", "{B96660FF-FED2-47A1-86C0-27A0AB4DDEA4}"
EndProject
Project("{FAE04EC0-301F-11D3-BF4B-00C04F79EFBC}") = "Tyuiu.KlokovIA.Sprint1.Task0.V13.Test", "Tyuiu.KlokovIA.Sprint1.Task0.V13.Test\Tyuiu.KlokovIA.Sprint1.Task0.V13.Test.csproj", "{0D5E3C45-420A-47B3-8E9E-066A80B6E2E5}"
EndProject
Project("{2150E333-8FDC-42A3-9474-1A3956D46DE8}") = "Task1", "Task1", "{A1A8DB2C-A1A5-43D2-B74D-9498E0CF7331}"
EndProject
Project("{FAE04EC0-301F-11D3-BF4B-00C04F79EFBC}") = "Tyuiu.KlokovIA.Sprint1.Task1.V5", "Tyuiu.KlokovIA.Sprint1.Task1.V5\Tyuiu.KlokovIA.Sprint1.Task1.V5.csproj", "{FE7D056D-3FE7-4C44-9B2C-869D0A3D53D4}"
EndProject
Project("{FAE04EC0-301F-11D3-BF4B-00C04F79EFBC}") = "Tyuiu.KlokovIA.Sprint1.Task1.V5.Lib", "Tyuiu.KlokovIA.Sprint1.Task1.V5.Lib\Tyuiu.KlokovIA.Sprint1.Task1.V5.Lib.csproj", "{F8192BE2-F3E1-4455-B52F-DE347C6522F1}"
EndProject
Project("{FAE04EC0-301F-11D3-BF4B-00C04F79EFBC}") = "Tyuiu.KlokovIA.Sprint1.Task1.V5.Test", "Tyuiu.KlokovIA.Sprint1.Task1.V5.Test\Tyuiu.KlokovIA.Sprint1.Task1.V5.Test.csproj", "{44077A4D-1627-4889-990E-2D279BF04C2E}"
EndProject
Project("{2150E333-8FDC-42A3-9474-1A3956D46DE8}") = "Task2", "Task2", "{3915BDC3-3183-48C3-97D6-CB80F6BB395D}"
EndProject
Project("{FAE04EC0-301F-11D3-BF4B-00C04F79EFBC}") = "Tyuiu.KlokovIA.Sprint1.Task2.V3", "Tyuiu.KlokovIA.Sprint1.Task2.V3\Tyuiu.KlokovIA.Sprint1.Task2.V3.csproj", "{0FE746ED-C9F1-4302-ADA3-D1123CAE4862}"
EndProject
Project("{FAE04EC0-301F-11D3-BF4B-00C04F79EFBC}") = "Tyuiu.KlokovIA.Sprint1.Task2.V3.Lib", "Tyuiu.KlokovIA.Sprint1.Task2.V3.Lib\Tyuiu.KlokovIA.Sprint1.Task2.V3.Lib.csproj", "{6619F120-FDD3-4F1A-9978-8A50E57D241C}"
EndProject
Project("{FAE04EC0-301F-11D3-BF4B-00C04F79EFBC}") = "Tyuiu.KlokovIA.Sprint1.Task2.V3.Test", "Tyuiu.KlokovIA.Sprint1.Task2.V3.Test\Tyuiu.KlokovIA.Sprint1.Task2.V3.Test.csproj", "{C1EFA156-CD0C-4D18-8245-FAF28C1C68AF}"
EndProject
Global
	GlobalSection(SolutionConfigurationPlatforms) = preSolution
		Debug|Any CPU = Debug|Any CPU
		Release|Any CPU = Release|Any CPU
	EndGlobalSection
	GlobalSection(ProjectConfigurationPlatforms) = postSolution
		{0B033212-D89D-48BF-86C1-FE581BDD9498}.Debug|Any CPU.ActiveCfg = Debug|Any CPU
		{0B033212-D89D-48BF-86C1-FE581BDD9498}.Debug|Any CPU.Build.0 = Debug|Any CPU
		{0B033212-D89D-48BF-86C1-FE581BDD9498}.Release|Any CPU.ActiveCfg = Release|Any CPU
		{0B033212-D89D-48BF-86C1-FE581BDD9498}.Release|Any CPU.Build.0 = Release|Any CPU
		{B96660FF-FED2-47A1-86C0-27A0AB4DDEA4}.Debug|Any CPU.ActiveCfg = Debug|Any CPU
		{B96660FF-FED2-47A1-86C0-27A0AB4DDEA4}.Debug|Any CPU.Build.0 = Debug|Any CPU
		{B96660FF-FED2-47A1-86C0-27A0AB4DDEA4}.Release|Any CPU.ActiveCfg = Release|Any CPU
		{B96660FF-FED2-47A1-86C0-27A0AB4DDEA4}.Release|Any CPU.Build.0 = Release|Any CPU
		{0D5E3C45-420A-47B3-8E9E-066A80B6E2E5}.Debug|Any CPU.ActiveCfg = Debug|Any CPU
		{0D5E3C45-420A-47B3-8E9E-066A80B6E2E5}.Debug|Any CPU.Build.0 = Debug|Any CPU
		{0D5E3C45-420A-47B3-8E9E-066A80B6E2E5}.Release|Any CPU.ActiveCfg = Release|Any CPU
		{0D5E3C45-420A-47B3-8E9E-066A80B6E2E5}.Release|Any CPU.Build.0 = Release|Any CPU
		{FE7D056D-3FE7-4C44-9B2C-869D0A3D53D4}.Debug|Any CPU.ActiveCfg = Debug|Any CPU
		{FE7D056D-3FE7-4C44-9B2C-869D0A3D53D4}.Debug|Any CPU.Build.0 = Debug|Any CPU
		{FE7D056D-3FE7-4C44-9B2C-869D0A3D53D4}.Release|Any CPU.ActiveCfg = Release|Any CPU
		{FE7D056D-3FE7-4C44-9B2C-869D0A3D53D4}.Release|Any CPU.Build.0 = Release|Any CPU
		{F8192BE2-F3E1-4455-B52F-DE347C6522F1}.Debug|Any CPU.ActiveCfg = Debug|Any CPU
		{F8192BE2-F3E1-4455-B52F-DE347C6522F1}.Debug|Any CPU.Build.0 = Debug|Any CPU
		{F8192BE2-F3E1-4455-B52F-DE347C6522F1}.Release|Any CPU.ActiveCfg = Release|Any CPU
		{F8192BE2-F3E1-4455-B52F-DE347C6522F1}.Release|Any CPU.Build.0 = Release|Any CPU
		{44077A4D-1627-4889-990E-2D279BF04C2E}.Debug|Any CPU.ActiveCfg = Debug|Any CPU
		{44077A4D-1627-4889-990E-2D279BF04C2E}.Debug|Any CPU.Build.0 = Debug|Any CPU
		{44077A4D-1627-4889-990E-2D279BF04C2E}.Release|Any CPU.ActiveCfg = Release|Any CPU
		{44077A4D-1627-4889-990E-2D279BF04C2E}.Release|Any CPU.Build.0 = Release|Any CPU
		{0FE746ED-C9F1-4302-ADA3-D1123CAE4862}.Debug|Any CPU.ActiveCfg = Debug|Any CPU
		{0FE746ED-C9F1-4302-ADA3-D1123CAE4862}.Debug|Any CPU.Build.0 = Debug|Any CPU
		{0FE746ED-C9F1-4302-ADA3-D1123CAE4862}.Release|Any CPU.ActiveCfg = Release|Any CPU
		{0FE746ED-C9F1-4302-ADA3-D1123CAE4862}.Release|Any CPU.Build.0 = Release|Any CPU
		{6619F120-FDD3-4F1A-9978-8A50E57D241C}.Debug|Any CPU.ActiveCfg = Debug|Any CPU
		{6619F120-FDD3-4F1A-9978-8A50E57D241C}.Debug|Any CPU.Build.0 = Debug|Any CPU
		{6619F120-FDD3-4F1A-9978-8A50E57D241C}.Release|Any CPU.ActiveCfg = Release|Any CPU
		{6619F120-FDD3-4F1A-9978-8A50E57D241C}.Release|Any CPU.Build.0 = Release|Any CPU
		{C1EFA156-CD0C-4D18-8245-FAF28C1C68AF}.Debug|Any CPU.ActiveCfg = Debug|Any CPU
		{C1EFA156-CD0C-4D18-8245-FAF28C1C68AF}.Debug|Any CPU.Build.0 = Debug|Any CPU
		{C1EFA156-CD0C-4D18-8245-FAF28C1C68AF}.Release|Any CPU.ActiveCfg = Release|Any CPU
		{C1EFA156-CD0C-4D18-8245-FAF28C1C68AF}.Release|Any CPU.Build.0 = Release|Any CPU
	EndGlobalSection
	GlobalSection(SolutionProperties) = preSolution
		HideSolutionNode = FALSE
	EndGlobalSection
	GlobalSection(NestedProjects) = preSolution
		{0B033212-D89D-48BF-86C1-FE581BDD9498} = {9D1AE0E7-C70D-4BDB-A799-AF07D3D1D3C8}
		{B96660FF-FED2-47A1-86C0-27A0AB4DDEA4} = {9D1AE0E7-C70D-4BDB-A799-AF07D3D1D3C8}
		{0D5E3C45-420A-47B3-8E9E-066A80B6E2E5} = {9D1AE0E7-C70D-4BDB-A799-AF07D3D1D3C8}
		{FE7D056D-3FE7-4C44-9B2C-869D0A3D53D4} = {A1A8DB2C-A1A5-43D2-B74D-9498E0CF7331}
		{F8192BE2-F3E1-4455-B52F-DE347C6522F1} = {A1A8DB2C-A1A5-43D2-B74D-9498E0CF7331}
		{44077A4D-1627-4889-990E-2D279BF04C2E} = {A1A8DB2C-A1A5-43D2-B74D-9498E0CF7331}
		{0FE746ED-C9F1-4302-ADA3-D1123CAE4862} = {3915BDC3-3183-48C3-97D6-CB80F6BB395D}
		{6619F120-FDD3-4F1A-9978-8A50E57D241C} = {3915BDC3-3183-48C3-97D6-CB80F6BB395D}
		{C1EFA156-CD0C-4D18-8245-FAF28C1C68AF} = {3915BDC3-3183-48C3-97D6-CB80F6BB395D}
	EndGlobalSection
	GlobalSection(ExtensibilityGlobals) = postSolution
		SolutionGuid = {528FF270-3C55-41AA-80AF-B482188D18DE}
	EndGlobalSection
EndGlobal
